
Microsoft Visual Studio Solution File, Format Version 12.00
Project("{FAE04EC0-301F-11D3-BF4B-00C04F79EFBC}") = "Todo_withDatabase", "Todo_withDatabase \Todo_withDatabase.csproj", "{7DACA4B0-BB6C-4ADA-BB7F-F2DDE1A68244}"
EndProject
Global
	GlobalSection(SolutionConfigurationPlatforms) = preSolution
		Debug|Any CPU = Debug|Any CPU
		Release|Any CPU = Release|Any CPU
	EndGlobalSection
	GlobalSection(ProjectConfigurationPlatforms) = postSolution
		{7DACA4B0-BB6C-4ADA-BB7F-F2DDE1A68244}.Debug|Any CPU.ActiveCfg = Debug|Any CPU
		{7DACA4B0-BB6C-4ADA-BB7F-F2DDE1A68244}.Debug|Any CPU.Build.0 = Debug|Any CPU
		{7DACA4B0-BB6C-4ADA-BB7F-F2DDE1A68244}.Release|Any CPU.ActiveCfg = Release|Any CPU
		{7DACA4B0-BB6C-4ADA-BB7F-F2DDE1A68244}.Release|Any CPU.Build.0 = Release|Any CPU
	EndGlobalSection
EndGlobal
