
Microsoft Visual Studio Solution File, Format Version 12.00
Project("{FAE04EC0-301F-11D3-BF4B-00C04F79EFBC}") = "avalonia_api_ipinfo_sideproject", "avalonia_api_ipinfo_sideproject\avalonia_api_ipinfo_sideproject.csproj", "{B531DD37-734F-4215-945C-45AB8940E00C}"
EndProject
Global
	GlobalSection(SolutionConfigurationPlatforms) = preSolution
		Debug|Any CPU = Debug|Any CPU
		Release|Any CPU = Release|Any CPU
	EndGlobalSection
	GlobalSection(ProjectConfigurationPlatforms) = postSolution
		{B531DD37-734F-4215-945C-45AB8940E00C}.Debug|Any CPU.ActiveCfg = Debug|Any CPU
		{B531DD37-734F-4215-945C-45AB8940E00C}.Debug|Any CPU.Build.0 = Debug|Any CPU
		{B531DD37-734F-4215-945C-45AB8940E00C}.Release|Any CPU.ActiveCfg = Release|Any CPU
		{B531DD37-734F-4215-945C-45AB8940E00C}.Release|Any CPU.Build.0 = Release|Any CPU
	EndGlobalSection
EndGlobal
